{
  "pins" : [
    {
      "identity" : "swift-syntax",
      "kind" : "remoteSourceControl",
      "location" : "https://github.com/apple/swift-syntax.git",
      "state" : {
        "branch" : "main",
        "revision" : "2e3c42cf38defd998c87ecfe8df138f925d22736"
      }
    }
  ],
  "version" : 2
}
